
Microsoft Visual Studio Solution File, Format Version 12.00
# Visual Studio Version 17
VisualStudioVersion = 17.11.35327.3
MinimumVisualStudioVersion = 10.0.40219.1
Project("{2150E333-8FDC-42A3-9474-1A3956D46DE8}") = "Task0", "Task0", "{82F762CA-3C98-4AE8-859A-A3A46A816F7E}"
EndProject
Project("{FAE04EC0-301F-11D3-BF4B-00C04F79EFBC}") = "Tyuiu.ShabalinaYP.Sprint4.Task0.V7", "Tyuiu.ShabalinaYP.Sprint4.Task0.V7\Tyuiu.ShabalinaYP.Sprint4.Task0.V7.csproj", "{AE3C5B26-55C0-48C9-95FC-630FBFF5C3A3}"
EndProject
Project("{FAE04EC0-301F-11D3-BF4B-00C04F79EFBC}") = "Tyuiu.ShabalinaYP.Sprint4.Task0.V7.Lib", "Tyuiu.ShabalinaYP.Sprint4.Task0.V7.Lib\Tyuiu.ShabalinaYP.Sprint4.Task0.V7.Lib.csproj", "{91580EB2-1449-4D06-BF58-3510139C5761}"
EndProject
Project("{FAE04EC0-301F-11D3-BF4B-00C04F79EFBC}") = "Tyuiu.ShabalinaYP.Sprint4.Task0.V7.Test", "Tyuiu.ShabalinaYP.Sprint4.Task0.V7.Test\Tyuiu.ShabalinaYP.Sprint4.Task0.V7.Test.csproj", "{8A1610B4-5B57-4EA3-A07C-CB053C2A66BB}"
EndProject
Project("{2150E333-8FDC-42A3-9474-1A3956D46DE8}") = "Task1", "Task1", "{1902F70C-95EB-4950-992A-62C0F0951769}"
EndProject
Project("{FAE04EC0-301F-11D3-BF4B-00C04F79EFBC}") = "Tyuiu.ShabalinaYP.Sprint4.Task1.V11", "Tyuiu.ShabalinaYP.Sprint4.Task1.V11\Tyuiu.ShabalinaYP.Sprint4.Task1.V11.csproj", "{2163FA12-C23B-4A36-B32E-E817B1DE9B76}"
EndProject
Project("{FAE04EC0-301F-11D3-BF4B-00C04F79EFBC}") = "Tyuiu.ShabalinaYP.Sprint4.Task1.V11.Lib", "Tyuiu.ShabalinaYP.Sprint4.Task1.V11.Lib\Tyuiu.ShabalinaYP.Sprint4.Task1.V11.Lib.csproj", "{CE3D2BB3-829A-4B79-A7EC-9BCBFC36D36A}"
EndProject
Project("{FAE04EC0-301F-11D3-BF4B-00C04F79EFBC}") = "Tyuiu.ShabalinaYP.Sprint4.Task1.V11.Test", "Tyuiu.ShabalinaYP.Sprint4.Task1.V11.Test\Tyuiu.ShabalinaYP.Sprint4.Task1.V11.Test.csproj", "{B623CE00-9A5A-46A4-A385-25208E6B5BAB}"
EndProject
Project("{2150E333-8FDC-42A3-9474-1A3956D46DE8}") = "Task2", "Task2", "{3EF23663-2509-49DB-895C-913C07FB4A11}"
EndProject
Project("{FAE04EC0-301F-11D3-BF4B-00C04F79EFBC}") = "Tyuiu.ShabalinaYP.Sprint4.Task2.V24", "Tyuiu.ShabalinaYP.Sprint4.Task2.V24\Tyuiu.ShabalinaYP.Sprint4.Task2.V24.csproj", "{EE571B97-EB35-43F2-8438-3EECF7943FA1}"
EndProject
Project("{FAE04EC0-301F-11D3-BF4B-00C04F79EFBC}") = "Tyuiu.ShabalinaYP.Sprint4.Task2.V24.Lib", "Tyuiu.ShabalinaYP.Sprint4.Task2.V24.Lib\Tyuiu.ShabalinaYP.Sprint4.Task2.V24.Lib.csproj", "{D1EF70D1-DEC6-471D-AAA8-13D03BAE358F}"
EndProject
Project("{FAE04EC0-301F-11D3-BF4B-00C04F79EFBC}") = "Tyuiu.ShabalinaYP.Sprint4.Task2.V24.Test", "Tyuiu.ShabalinaYP.Sprint4.Task2.V24.Test\Tyuiu.ShabalinaYP.Sprint4.Task2.V24.Test.csproj", "{36290519-2D6D-4C55-985A-B96D0C290EA3}"
EndProject
Global
	GlobalSection(SolutionConfigurationPlatforms) = preSolution
		Debug|Any CPU = Debug|Any CPU
		Release|Any CPU = Release|Any CPU
	EndGlobalSection
	GlobalSection(ProjectConfigurationPlatforms) = postSolution
		{AE3C5B26-55C0-48C9-95FC-630FBFF5C3A3}.Debug|Any CPU.ActiveCfg = Debug|Any CPU
		{AE3C5B26-55C0-48C9-95FC-630FBFF5C3A3}.Debug|Any CPU.Build.0 = Debug|Any CPU
		{AE3C5B26-55C0-48C9-95FC-630FBFF5C3A3}.Release|Any CPU.ActiveCfg = Release|Any CPU
		{AE3C5B26-55C0-48C9-95FC-630FBFF5C3A3}.Release|Any CPU.Build.0 = Release|Any CPU
		{91580EB2-1449-4D06-BF58-3510139C5761}.Debug|Any CPU.ActiveCfg = Debug|Any CPU
		{91580EB2-1449-4D06-BF58-3510139C5761}.Debug|Any CPU.Build.0 = Debug|Any CPU
		{91580EB2-1449-4D06-BF58-3510139C5761}.Release|Any CPU.ActiveCfg = Release|Any CPU
		{91580EB2-1449-4D06-BF58-3510139C5761}.Release|Any CPU.Build.0 = Release|Any CPU
		{8A1610B4-5B57-4EA3-A07C-CB053C2A66BB}.Debug|Any CPU.ActiveCfg = Debug|Any CPU
		{8A1610B4-5B57-4EA3-A07C-CB053C2A66BB}.Debug|Any CPU.Build.0 = Debug|Any CPU
		{8A1610B4-5B57-4EA3-A07C-CB053C2A66BB}.Release|Any CPU.ActiveCfg = Release|Any CPU
		{8A1610B4-5B57-4EA3-A07C-CB053C2A66BB}.Release|Any CPU.Build.0 = Release|Any CPU
		{2163FA12-C23B-4A36-B32E-E817B1DE9B76}.Debug|Any CPU.ActiveCfg = Debug|Any CPU
		{2163FA12-C23B-4A36-B32E-E817B1DE9B76}.Debug|Any CPU.Build.0 = Debug|Any CPU
		{2163FA12-C23B-4A36-B32E-E817B1DE9B76}.Release|Any CPU.ActiveCfg = Release|Any CPU
		{2163FA12-C23B-4A36-B32E-E817B1DE9B76}.Release|Any CPU.Build.0 = Release|Any CPU
		{CE3D2BB3-829A-4B79-A7EC-9BCBFC36D36A}.Debug|Any CPU.ActiveCfg = Debug|Any CPU
		{CE3D2BB3-829A-4B79-A7EC-9BCBFC36D36A}.Debug|Any CPU.Build.0 = Debug|Any CPU
		{CE3D2BB3-829A-4B79-A7EC-9BCBFC36D36A}.Release|Any CPU.ActiveCfg = Release|Any CPU
		{CE3D2BB3-829A-4B79-A7EC-9BCBFC36D36A}.Release|Any CPU.Build.0 = Release|Any CPU
		{B623CE00-9A5A-46A4-A385-25208E6B5BAB}.Debug|Any CPU.ActiveCfg = Debug|Any CPU
		{B623CE00-9A5A-46A4-A385-25208E6B5BAB}.Debug|Any CPU.Build.0 = Debug|Any CPU
		{B623CE00-9A5A-46A4-A385-25208E6B5BAB}.Release|Any CPU.ActiveCfg = Release|Any CPU
		{B623CE00-9A5A-46A4-A385-25208E6B5BAB}.Release|Any CPU.Build.0 = Release|Any CPU
		{EE571B97-EB35-43F2-8438-3EECF7943FA1}.Debug|Any CPU.ActiveCfg = Debug|Any CPU
		{EE571B97-EB35-43F2-8438-3EECF7943FA1}.Debug|Any CPU.Build.0 = Debug|Any CPU
		{EE571B97-EB35-43F2-8438-3EECF7943FA1}.Release|Any CPU.ActiveCfg = Release|Any CPU
		{EE571B97-EB35-43F2-8438-3EECF7943FA1}.Release|Any CPU.Build.0 = Release|Any CPU
		{D1EF70D1-DEC6-471D-AAA8-13D03BAE358F}.Debug|Any CPU.ActiveCfg = Debug|Any CPU
		{D1EF70D1-DEC6-471D-AAA8-13D03BAE358F}.Debug|Any CPU.Build.0 = Debug|Any CPU
		{D1EF70D1-DEC6-471D-AAA8-13D03BAE358F}.Release|Any CPU.ActiveCfg = Release|Any CPU
		{D1EF70D1-DEC6-471D-AAA8-13D03BAE358F}.Release|Any CPU.Build.0 = Release|Any CPU
		{36290519-2D6D-4C55-985A-B96D0C290EA3}.Debug|Any CPU.ActiveCfg = Debug|Any CPU
		{36290519-2D6D-4C55-985A-B96D0C290EA3}.Debug|Any CPU.Build.0 = Debug|Any CPU
		{36290519-2D6D-4C55-985A-B96D0C290EA3}.Release|Any CPU.ActiveCfg = Release|Any CPU
		{36290519-2D6D-4C55-985A-B96D0C290EA3}.Release|Any CPU.Build.0 = Release|Any CPU
	EndGlobalSection
	GlobalSection(SolutionProperties) = preSolution
		HideSolutionNode = FALSE
	EndGlobalSection
	GlobalSection(NestedProjects) = preSolution
		{AE3C5B26-55C0-48C9-95FC-630FBFF5C3A3} = {82F762CA-3C98-4AE8-859A-A3A46A816F7E}
		{91580EB2-1449-4D06-BF58-3510139C5761} = {82F762CA-3C98-4AE8-859A-A3A46A816F7E}
		{8A1610B4-5B57-4EA3-A07C-CB053C2A66BB} = {82F762CA-3C98-4AE8-859A-A3A46A816F7E}
		{2163FA12-C23B-4A36-B32E-E817B1DE9B76} = {1902F70C-95EB-4950-992A-62C0F0951769}
		{CE3D2BB3-829A-4B79-A7EC-9BCBFC36D36A} = {1902F70C-95EB-4950-992A-62C0F0951769}
		{B623CE00-9A5A-46A4-A385-25208E6B5BAB} = {1902F70C-95EB-4950-992A-62C0F0951769}
		{EE571B97-EB35-43F2-8438-3EECF7943FA1} = {3EF23663-2509-49DB-895C-913C07FB4A11}
		{D1EF70D1-DEC6-471D-AAA8-13D03BAE358F} = {3EF23663-2509-49DB-895C-913C07FB4A11}
		{36290519-2D6D-4C55-985A-B96D0C290EA3} = {3EF23663-2509-49DB-895C-913C07FB4A11}
	EndGlobalSection
	GlobalSection(ExtensibilityGlobals) = postSolution
		SolutionGuid = {8E2CEB91-A08F-4C76-9FFF-3B047864C7A9}
	EndGlobalSection
EndGlobal
