
Microsoft Visual Studio Solution File, Format Version 12.00
# Visual Studio Version 17
VisualStudioVersion = 17.11.35327.3
MinimumVisualStudioVersion = 10.0.40219.1
Project("{2150E333-8FDC-42A3-9474-1A3956D46DE8}") = "Task0", "Task0", "{82F762CA-3C98-4AE8-859A-A3A46A816F7E}"
EndProject
Project("{9A19103F-16F7-4668-BE54-9A1E7A4F7556}") = "Tyuiu.ShabalinaYP.Sprint4.Task0.V7", "Tyuiu.ShabalinaYP.Sprint4.Task0.V7\Tyuiu.ShabalinaYP.Sprint4.Task0.V7.csproj", "{AE3C5B26-55C0-48C9-95FC-630FBFF5C3A3}"
EndProject
Project("{9A19103F-16F7-4668-BE54-9A1E7A4F7556}") = "Tyuiu.ShabalinaYP.Sprint4.Task0.V7.Lib", "Tyuiu.ShabalinaYP.Sprint4.Task0.V7.Lib\Tyuiu.ShabalinaYP.Sprint4.Task0.V7.Lib.csproj", "{91580EB2-1449-4D06-BF58-3510139C5761}"
EndProject
Project("{9A19103F-16F7-4668-BE54-9A1E7A4F7556}") = "Tyuiu.ShabalinaYP.Sprint4.Task0.V7.Test", "Tyuiu.ShabalinaYP.Sprint4.Task0.V7.Test\Tyuiu.ShabalinaYP.Sprint4.Task0.V7.Test.csproj", "{8A1610B4-5B57-4EA3-A07C-CB053C2A66BB}"
EndProject
Project("{2150E333-8FDC-42A3-9474-1A3956D46DE8}") = "Task1", "Task1", "{1902F70C-95EB-4950-992A-62C0F0951769}"
EndProject
Project("{9A19103F-16F7-4668-BE54-9A1E7A4F7556}") = "Tyuiu.ShabalinaYP.Sprint4.Task1.V11", "Tyuiu.ShabalinaYP.Sprint4.Task1.V11\Tyuiu.ShabalinaYP.Sprint4.Task1.V11.csproj", "{2163FA12-C23B-4A36-B32E-E817B1DE9B76}"
EndProject
Project("{9A19103F-16F7-4668-BE54-9A1E7A4F7556}") = "Tyuiu.ShabalinaYP.Sprint4.Task1.V11.Lib", "Tyuiu.ShabalinaYP.Sprint4.Task1.V11.Lib\Tyuiu.ShabalinaYP.Sprint4.Task1.V11.Lib.csproj", "{CE3D2BB3-829A-4B79-A7EC-9BCBFC36D36A}"
EndProject
Project("{9A19103F-16F7-4668-BE54-9A1E7A4F7556}") = "Tyuiu.ShabalinaYP.Sprint4.Task1.V11.Test", "Tyuiu.ShabalinaYP.Sprint4.Task1.V11.Test\Tyuiu.ShabalinaYP.Sprint4.Task1.V11.Test.csproj", "{B623CE00-9A5A-46A4-A385-25208E6B5BAB}"
EndProject
Project("{2150E333-8FDC-42A3-9474-1A3956D46DE8}") = "Task2", "Task2", "{3EF23663-2509-49DB-895C-913C07FB4A11}"
EndProject
Project("{9A19103F-16F7-4668-BE54-9A1E7A4F7556}") = "Tyuiu.ShabalinaYP.Sprint4.Task2.V24", "Tyuiu.ShabalinaYP.Sprint4.Task2.V24\Tyuiu.ShabalinaYP.Sprint4.Task2.V24.csproj", "{EE571B97-EB35-43F2-8438-3EECF7943FA1}"
EndProject
Project("{9A19103F-16F7-4668-BE54-9A1E7A4F7556}") = "Tyuiu.ShabalinaYP.Sprint4.Task2.V24.Lib", "Tyuiu.ShabalinaYP.Sprint4.Task2.V24.Lib\Tyuiu.ShabalinaYP.Sprint4.Task2.V24.Lib.csproj", "{D1EF70D1-DEC6-471D-AAA8-13D03BAE358F}"
EndProject
Project("{9A19103F-16F7-4668-BE54-9A1E7A4F7556}") = "Tyuiu.ShabalinaYP.Sprint4.Task2.V24.Test", "Tyuiu.ShabalinaYP.Sprint4.Task2.V24.Test\Tyuiu.ShabalinaYP.Sprint4.Task2.V24.Test.csproj", "{36290519-2D6D-4C55-985A-B96D0C290EA3}"
EndProject
Project("{2150E333-8FDC-42A3-9474-1A3956D46DE8}") = "Task3", "Task3", "{2C706C1B-81A9-4090-B052-7BADDB9ED789}"
EndProject
Project("{9A19103F-16F7-4668-BE54-9A1E7A4F7556}") = "Tyuiu.ShabalinaYP.Sprint4.Task3.V30", "Tyuiu.ShabalinaYP.Sprint4.Task3.V30\Tyuiu.ShabalinaYP.Sprint4.Task3.V30.csproj", "{A4FB53FF-513F-46EA-A4B8-E62AFBB74F9A}"
EndProject
Project("{9A19103F-16F7-4668-BE54-9A1E7A4F7556}") = "Tyuiu.ShabalinaYP.Sprint4.Task3.V30.Lib", "Tyuiu.ShabalinaYP.Sprint4.Task3.V30.Lib\Tyuiu.ShabalinaYP.Sprint4.Task3.V30.Lib.csproj", "{D84FD53E-82F0-482F-AF9C-5B5AE5CF2562}"
EndProject
Project("{9A19103F-16F7-4668-BE54-9A1E7A4F7556}") = "Tyuiu.ShabalinaYP.Sprint4.Task3.V30.Test", "Tyuiu.ShabalinaYP.Sprint4.Task3.V30.Test\Tyuiu.ShabalinaYP.Sprint4.Task3.V30.Test.csproj", "{2939010D-A56F-4128-9173-8C76BA8E58C6}"
EndProject
Project("{2150E333-8FDC-42A3-9474-1A3956D46DE8}") = "Task4", "Task4", "{DB86AA38-AE30-4C51-A0B0-1D6233B32B1A}"
EndProject
Project("{9A19103F-16F7-4668-BE54-9A1E7A4F7556}") = "Tyuiu.ShabalinaYP.Sprint4.Task4.V11", "Tyuiu.ShabalinaYP.Sprint4.Task4.V11\Tyuiu.ShabalinaYP.Sprint4.Task4.V11.csproj", "{77490F1A-05BE-42B4-B7F7-F0A0C7993949}"
EndProject
Project("{9A19103F-16F7-4668-BE54-9A1E7A4F7556}") = "Tyuiu.ShabalinaYP.Sprint4.Task4.V11.Lib", "Tyuiu.ShabalinaYP.Sprint4.Task4.V11.Lib\Tyuiu.ShabalinaYP.Sprint4.Task4.V11.Lib.csproj", "{742C1921-CAA9-4A7D-A213-168DEC0C62DE}"
EndProject
Project("{9A19103F-16F7-4668-BE54-9A1E7A4F7556}") = "Tyuiu.ShabalinaYP.Sprint4.Task4.V11.Test", "Tyuiu.ShabalinaYP.Sprint4.Task4.V11.Test\Tyuiu.ShabalinaYP.Sprint4.Task4.V11.Test.csproj", "{41C271AC-71E8-4FED-8DEB-67B5711E06C8}"
EndProject
Project("{2150E333-8FDC-42A3-9474-1A3956D46DE8}") = "Task5", "Task5", "{8A502D11-F40E-4038-819F-46A7934FCF95}"
EndProject
Project("{9A19103F-16F7-4668-BE54-9A1E7A4F7556}") = "Tyuiu.ShabalinaYP.Sprint4.Task5.V30", "Tyuiu.ShabalinaYP.Sprint4.Task5.V30\Tyuiu.ShabalinaYP.Sprint4.Task5.V30.csproj", "{7B72CB53-984B-4F3E-85D8-8819A89AB40C}"
EndProject
Project("{9A19103F-16F7-4668-BE54-9A1E7A4F7556}") = "Tyuiu.ShabalinaYP.Sprint4.Task5.V30.Lib", "Tyuiu.ShabalinaYP.Sprint4.Task5.V30.Lib\Tyuiu.ShabalinaYP.Sprint4.Task5.V30.Lib.csproj", "{A97DE559-8077-49A0-995C-B00EC23E5B09}"
EndProject
Project("{9A19103F-16F7-4668-BE54-9A1E7A4F7556}") = "Tyuiu.ShabalinaYP.Sprint4.Task5.V30.Test", "Tyuiu.ShabalinaYP.Sprint4.Task5.V30.Test\Tyuiu.ShabalinaYP.Sprint4.Task5.V30.Test.csproj", "{41A0ABF8-27AE-417F-8A6E-CFFB89314E61}"
EndProject
Project("{2150E333-8FDC-42A3-9474-1A3956D46DE8}") = "Task6", "Task6", "{DD21414A-074C-4F36-BECA-E0C5CD9F61B6}"
EndProject
Project("{9A19103F-16F7-4668-BE54-9A1E7A4F7556}") = "Tyuiu.ShabalinaYP.Sprint4.Task6.V7", "Tyuiu.ShabalinaYP.Sprint4.Task6.V7\Tyuiu.ShabalinaYP.Sprint4.Task6.V7.csproj", "{BB76F43E-9BC7-4CA2-A509-769EA29495DA}"
EndProject
Project("{9A19103F-16F7-4668-BE54-9A1E7A4F7556}") = "Tyuiu.ShabalinaYP.Sprint4.Task6.V7.Lib", "Tyuiu.ShabalinaYP.Sprint4.Task6.V7.Lib\Tyuiu.ShabalinaYP.Sprint4.Task6.V7.Lib.csproj", "{CCF6D17C-694D-420F-B2BB-9CFF6087D8D1}"
EndProject
Project("{9A19103F-16F7-4668-BE54-9A1E7A4F7556}") = "Tyuiu.ShabalinaYP.Sprint4.Task6.V7.Test", "Tyuiu.ShabalinaYP.Sprint4.Task6.V7.Test\Tyuiu.ShabalinaYP.Sprint4.Task6.V7.Test.csproj", "{2B8D6FFF-9139-47DC-8E71-B39800147065}"
EndProject
Project("{2150E333-8FDC-42A3-9474-1A3956D46DE8}") = "Task7", "Task7", "{B1CB0AC6-449E-4C1B-B58D-79AF652D7C01}"
EndProject
Project("{FAE04EC0-301F-11D3-BF4B-00C04F79EFBC}") = "Tyuiu.ShabalinaYP.Sprint4.Task7.V29", "Tyuiu.ShabalinaYP.Sprint4.Task7.V29\Tyuiu.ShabalinaYP.Sprint4.Task7.V29.csproj", "{62B7EE04-0C97-4F16-B0B5-BB8950E0C189}"
EndProject
Project("{FAE04EC0-301F-11D3-BF4B-00C04F79EFBC}") = "Tyuiu.ShabalinaYP.Sprint4.Task7.V29.Lib", "Tyuiu.ShabalinaYP.Sprint4.Task7.V29.Lib\Tyuiu.ShabalinaYP.Sprint4.Task7.V29.Lib.csproj", "{D5DAC054-719B-45C5-BC18-1D8A04790D0C}"
EndProject
Project("{FAE04EC0-301F-11D3-BF4B-00C04F79EFBC}") = "Tyuiu.ShabalinaYP.Sprint4.Task7.V29.Test", "Tyuiu.ShabalinaYP.Sprint4.Task7.V29.Test\Tyuiu.ShabalinaYP.Sprint4.Task7.V29.Test.csproj", "{11B7A64E-E7D7-4CF1-B560-34268B6AE2D9}"
EndProject
Global
	GlobalSection(SolutionConfigurationPlatforms) = preSolution
		Debug|Any CPU = Debug|Any CPU
		Release|Any CPU = Release|Any CPU
	EndGlobalSection
	GlobalSection(ProjectConfigurationPlatforms) = postSolution
		{AE3C5B26-55C0-48C9-95FC-630FBFF5C3A3}.Debug|Any CPU.ActiveCfg = Debug|Any CPU
		{AE3C5B26-55C0-48C9-95FC-630FBFF5C3A3}.Debug|Any CPU.Build.0 = Debug|Any CPU
		{AE3C5B26-55C0-48C9-95FC-630FBFF5C3A3}.Release|Any CPU.ActiveCfg = Release|Any CPU
		{AE3C5B26-55C0-48C9-95FC-630FBFF5C3A3}.Release|Any CPU.Build.0 = Release|Any CPU
		{91580EB2-1449-4D06-BF58-3510139C5761}.Debug|Any CPU.ActiveCfg = Debug|Any CPU
		{91580EB2-1449-4D06-BF58-3510139C5761}.Debug|Any CPU.Build.0 = Debug|Any CPU
		{91580EB2-1449-4D06-BF58-3510139C5761}.Release|Any CPU.ActiveCfg = Release|Any CPU
		{91580EB2-1449-4D06-BF58-3510139C5761}.Release|Any CPU.Build.0 = Release|Any CPU
		{8A1610B4-5B57-4EA3-A07C-CB053C2A66BB}.Debug|Any CPU.ActiveCfg = Debug|Any CPU
		{8A1610B4-5B57-4EA3-A07C-CB053C2A66BB}.Debug|Any CPU.Build.0 = Debug|Any CPU
		{8A1610B4-5B57-4EA3-A07C-CB053C2A66BB}.Release|Any CPU.ActiveCfg = Release|Any CPU
		{8A1610B4-5B57-4EA3-A07C-CB053C2A66BB}.Release|Any CPU.Build.0 = Release|Any CPU
		{2163FA12-C23B-4A36-B32E-E817B1DE9B76}.Debug|Any CPU.ActiveCfg = Debug|Any CPU
		{2163FA12-C23B-4A36-B32E-E817B1DE9B76}.Debug|Any CPU.Build.0 = Debug|Any CPU
		{2163FA12-C23B-4A36-B32E-E817B1DE9B76}.Release|Any CPU.ActiveCfg = Release|Any CPU
		{2163FA12-C23B-4A36-B32E-E817B1DE9B76}.Release|Any CPU.Build.0 = Release|Any CPU
		{CE3D2BB3-829A-4B79-A7EC-9BCBFC36D36A}.Debug|Any CPU.ActiveCfg = Debug|Any CPU
		{CE3D2BB3-829A-4B79-A7EC-9BCBFC36D36A}.Debug|Any CPU.Build.0 = Debug|Any CPU
		{CE3D2BB3-829A-4B79-A7EC-9BCBFC36D36A}.Release|Any CPU.ActiveCfg = Release|Any CPU
		{CE3D2BB3-829A-4B79-A7EC-9BCBFC36D36A}.Release|Any CPU.Build.0 = Release|Any CPU
		{B623CE00-9A5A-46A4-A385-25208E6B5BAB}.Debug|Any CPU.ActiveCfg = Debug|Any CPU
		{B623CE00-9A5A-46A4-A385-25208E6B5BAB}.Debug|Any CPU.Build.0 = Debug|Any CPU
		{B623CE00-9A5A-46A4-A385-25208E6B5BAB}.Release|Any CPU.ActiveCfg = Release|Any CPU
		{B623CE00-9A5A-46A4-A385-25208E6B5BAB}.Release|Any CPU.Build.0 = Release|Any CPU
		{EE571B97-EB35-43F2-8438-3EECF7943FA1}.Debug|Any CPU.ActiveCfg = Debug|Any CPU
		{EE571B97-EB35-43F2-8438-3EECF7943FA1}.Debug|Any CPU.Build.0 = Debug|Any CPU
		{EE571B97-EB35-43F2-8438-3EECF7943FA1}.Release|Any CPU.ActiveCfg = Release|Any CPU
		{EE571B97-EB35-43F2-8438-3EECF7943FA1}.Release|Any CPU.Build.0 = Release|Any CPU
		{D1EF70D1-DEC6-471D-AAA8-13D03BAE358F}.Debug|Any CPU.ActiveCfg = Debug|Any CPU
		{D1EF70D1-DEC6-471D-AAA8-13D03BAE358F}.Debug|Any CPU.Build.0 = Debug|Any CPU
		{D1EF70D1-DEC6-471D-AAA8-13D03BAE358F}.Release|Any CPU.ActiveCfg = Release|Any CPU
		{D1EF70D1-DEC6-471D-AAA8-13D03BAE358F}.Release|Any CPU.Build.0 = Release|Any CPU
		{36290519-2D6D-4C55-985A-B96D0C290EA3}.Debug|Any CPU.ActiveCfg = Debug|Any CPU
		{36290519-2D6D-4C55-985A-B96D0C290EA3}.Debug|Any CPU.Build.0 = Debug|Any CPU
		{36290519-2D6D-4C55-985A-B96D0C290EA3}.Release|Any CPU.ActiveCfg = Release|Any CPU
		{36290519-2D6D-4C55-985A-B96D0C290EA3}.Release|Any CPU.Build.0 = Release|Any CPU
		{A4FB53FF-513F-46EA-A4B8-E62AFBB74F9A}.Debug|Any CPU.ActiveCfg = Debug|Any CPU
		{A4FB53FF-513F-46EA-A4B8-E62AFBB74F9A}.Debug|Any CPU.Build.0 = Debug|Any CPU
		{A4FB53FF-513F-46EA-A4B8-E62AFBB74F9A}.Release|Any CPU.ActiveCfg = Release|Any CPU
		{A4FB53FF-513F-46EA-A4B8-E62AFBB74F9A}.Release|Any CPU.Build.0 = Release|Any CPU
		{D84FD53E-82F0-482F-AF9C-5B5AE5CF2562}.Debug|Any CPU.ActiveCfg = Debug|Any CPU
		{D84FD53E-82F0-482F-AF9C-5B5AE5CF2562}.Debug|Any CPU.Build.0 = Debug|Any CPU
		{D84FD53E-82F0-482F-AF9C-5B5AE5CF2562}.Release|Any CPU.ActiveCfg = Release|Any CPU
		{D84FD53E-82F0-482F-AF9C-5B5AE5CF2562}.Release|Any CPU.Build.0 = Release|Any CPU
		{2939010D-A56F-4128-9173-8C76BA8E58C6}.Debug|Any CPU.ActiveCfg = Debug|Any CPU
		{2939010D-A56F-4128-9173-8C76BA8E58C6}.Debug|Any CPU.Build.0 = Debug|Any CPU
		{2939010D-A56F-4128-9173-8C76BA8E58C6}.Release|Any CPU.ActiveCfg = Release|Any CPU
		{2939010D-A56F-4128-9173-8C76BA8E58C6}.Release|Any CPU.Build.0 = Release|Any CPU
		{77490F1A-05BE-42B4-B7F7-F0A0C7993949}.Debug|Any CPU.ActiveCfg = Debug|Any CPU
		{77490F1A-05BE-42B4-B7F7-F0A0C7993949}.Debug|Any CPU.Build.0 = Debug|Any CPU
		{77490F1A-05BE-42B4-B7F7-F0A0C7993949}.Release|Any CPU.ActiveCfg = Release|Any CPU
		{77490F1A-05BE-42B4-B7F7-F0A0C7993949}.Release|Any CPU.Build.0 = Release|Any CPU
		{742C1921-CAA9-4A7D-A213-168DEC0C62DE}.Debug|Any CPU.ActiveCfg = Debug|Any CPU
		{742C1921-CAA9-4A7D-A213-168DEC0C62DE}.Debug|Any CPU.Build.0 = Debug|Any CPU
		{742C1921-CAA9-4A7D-A213-168DEC0C62DE}.Release|Any CPU.ActiveCfg = Release|Any CPU
		{742C1921-CAA9-4A7D-A213-168DEC0C62DE}.Release|Any CPU.Build.0 = Release|Any CPU
		{41C271AC-71E8-4FED-8DEB-67B5711E06C8}.Debug|Any CPU.ActiveCfg = Debug|Any CPU
		{41C271AC-71E8-4FED-8DEB-67B5711E06C8}.Debug|Any CPU.Build.0 = Debug|Any CPU
		{41C271AC-71E8-4FED-8DEB-67B5711E06C8}.Release|Any CPU.ActiveCfg = Release|Any CPU
		{41C271AC-71E8-4FED-8DEB-67B5711E06C8}.Release|Any CPU.Build.0 = Release|Any CPU
		{7B72CB53-984B-4F3E-85D8-8819A89AB40C}.Debug|Any CPU.ActiveCfg = Debug|Any CPU
		{7B72CB53-984B-4F3E-85D8-8819A89AB40C}.Debug|Any CPU.Build.0 = Debug|Any CPU
		{7B72CB53-984B-4F3E-85D8-8819A89AB40C}.Release|Any CPU.ActiveCfg = Release|Any CPU
		{7B72CB53-984B-4F3E-85D8-8819A89AB40C}.Release|Any CPU.Build.0 = Release|Any CPU
		{A97DE559-8077-49A0-995C-B00EC23E5B09}.Debug|Any CPU.ActiveCfg = Debug|Any CPU
		{A97DE559-8077-49A0-995C-B00EC23E5B09}.Debug|Any CPU.Build.0 = Debug|Any CPU
		{A97DE559-8077-49A0-995C-B00EC23E5B09}.Release|Any CPU.ActiveCfg = Release|Any CPU
		{A97DE559-8077-49A0-995C-B00EC23E5B09}.Release|Any CPU.Build.0 = Release|Any CPU
		{41A0ABF8-27AE-417F-8A6E-CFFB89314E61}.Debug|Any CPU.ActiveCfg = Debug|Any CPU
		{41A0ABF8-27AE-417F-8A6E-CFFB89314E61}.Debug|Any CPU.Build.0 = Debug|Any CPU
		{41A0ABF8-27AE-417F-8A6E-CFFB89314E61}.Release|Any CPU.ActiveCfg = Release|Any CPU
		{41A0ABF8-27AE-417F-8A6E-CFFB89314E61}.Release|Any CPU.Build.0 = Release|Any CPU
		{BB76F43E-9BC7-4CA2-A509-769EA29495DA}.Debug|Any CPU.ActiveCfg = Debug|Any CPU
		{BB76F43E-9BC7-4CA2-A509-769EA29495DA}.Debug|Any CPU.Build.0 = Debug|Any CPU
		{BB76F43E-9BC7-4CA2-A509-769EA29495DA}.Release|Any CPU.ActiveCfg = Release|Any CPU
		{BB76F43E-9BC7-4CA2-A509-769EA29495DA}.Release|Any CPU.Build.0 = Release|Any CPU
		{CCF6D17C-694D-420F-B2BB-9CFF6087D8D1}.Debug|Any CPU.ActiveCfg = Debug|Any CPU
		{CCF6D17C-694D-420F-B2BB-9CFF6087D8D1}.Debug|Any CPU.Build.0 = Debug|Any CPU
		{CCF6D17C-694D-420F-B2BB-9CFF6087D8D1}.Release|Any CPU.ActiveCfg = Release|Any CPU
		{CCF6D17C-694D-420F-B2BB-9CFF6087D8D1}.Release|Any CPU.Build.0 = Release|Any CPU
		{2B8D6FFF-9139-47DC-8E71-B39800147065}.Debug|Any CPU.ActiveCfg = Debug|Any CPU
		{2B8D6FFF-9139-47DC-8E71-B39800147065}.Debug|Any CPU.Build.0 = Debug|Any CPU
		{2B8D6FFF-9139-47DC-8E71-B39800147065}.Release|Any CPU.ActiveCfg = Release|Any CPU
		{2B8D6FFF-9139-47DC-8E71-B39800147065}.Release|Any CPU.Build.0 = Release|Any CPU
		{62B7EE04-0C97-4F16-B0B5-BB8950E0C189}.Debug|Any CPU.ActiveCfg = Debug|Any CPU
		{62B7EE04-0C97-4F16-B0B5-BB8950E0C189}.Debug|Any CPU.Build.0 = Debug|Any CPU
		{62B7EE04-0C97-4F16-B0B5-BB8950E0C189}.Release|Any CPU.ActiveCfg = Release|Any CPU
		{62B7EE04-0C97-4F16-B0B5-BB8950E0C189}.Release|Any CPU.Build.0 = Release|Any CPU
		{D5DAC054-719B-45C5-BC18-1D8A04790D0C}.Debug|Any CPU.ActiveCfg = Debug|Any CPU
		{D5DAC054-719B-45C5-BC18-1D8A04790D0C}.Debug|Any CPU.Build.0 = Debug|Any CPU
		{D5DAC054-719B-45C5-BC18-1D8A04790D0C}.Release|Any CPU.ActiveCfg = Release|Any CPU
		{D5DAC054-719B-45C5-BC18-1D8A04790D0C}.Release|Any CPU.Build.0 = Release|Any CPU
		{11B7A64E-E7D7-4CF1-B560-34268B6AE2D9}.Debug|Any CPU.ActiveCfg = Debug|Any CPU
		{11B7A64E-E7D7-4CF1-B560-34268B6AE2D9}.Debug|Any CPU.Build.0 = Debug|Any CPU
		{11B7A64E-E7D7-4CF1-B560-34268B6AE2D9}.Release|Any CPU.ActiveCfg = Release|Any CPU
		{11B7A64E-E7D7-4CF1-B560-34268B6AE2D9}.Release|Any CPU.Build.0 = Release|Any CPU
	EndGlobalSection
	GlobalSection(SolutionProperties) = preSolution
		HideSolutionNode = FALSE
	EndGlobalSection
	GlobalSection(NestedProjects) = preSolution
		{AE3C5B26-55C0-48C9-95FC-630FBFF5C3A3} = {82F762CA-3C98-4AE8-859A-A3A46A816F7E}
		{91580EB2-1449-4D06-BF58-3510139C5761} = {82F762CA-3C98-4AE8-859A-A3A46A816F7E}
		{8A1610B4-5B57-4EA3-A07C-CB053C2A66BB} = {82F762CA-3C98-4AE8-859A-A3A46A816F7E}
		{2163FA12-C23B-4A36-B32E-E817B1DE9B76} = {1902F70C-95EB-4950-992A-62C0F0951769}
		{CE3D2BB3-829A-4B79-A7EC-9BCBFC36D36A} = {1902F70C-95EB-4950-992A-62C0F0951769}
		{B623CE00-9A5A-46A4-A385-25208E6B5BAB} = {1902F70C-95EB-4950-992A-62C0F0951769}
		{EE571B97-EB35-43F2-8438-3EECF7943FA1} = {3EF23663-2509-49DB-895C-913C07FB4A11}
		{D1EF70D1-DEC6-471D-AAA8-13D03BAE358F} = {3EF23663-2509-49DB-895C-913C07FB4A11}
		{36290519-2D6D-4C55-985A-B96D0C290EA3} = {3EF23663-2509-49DB-895C-913C07FB4A11}
		{A4FB53FF-513F-46EA-A4B8-E62AFBB74F9A} = {2C706C1B-81A9-4090-B052-7BADDB9ED789}
		{D84FD53E-82F0-482F-AF9C-5B5AE5CF2562} = {2C706C1B-81A9-4090-B052-7BADDB9ED789}
		{2939010D-A56F-4128-9173-8C76BA8E58C6} = {2C706C1B-81A9-4090-B052-7BADDB9ED789}
		{77490F1A-05BE-42B4-B7F7-F0A0C7993949} = {DB86AA38-AE30-4C51-A0B0-1D6233B32B1A}
		{742C1921-CAA9-4A7D-A213-168DEC0C62DE} = {DB86AA38-AE30-4C51-A0B0-1D6233B32B1A}
		{41C271AC-71E8-4FED-8DEB-67B5711E06C8} = {DB86AA38-AE30-4C51-A0B0-1D6233B32B1A}
		{7B72CB53-984B-4F3E-85D8-8819A89AB40C} = {8A502D11-F40E-4038-819F-46A7934FCF95}
		{A97DE559-8077-49A0-995C-B00EC23E5B09} = {8A502D11-F40E-4038-819F-46A7934FCF95}
		{41A0ABF8-27AE-417F-8A6E-CFFB89314E61} = {8A502D11-F40E-4038-819F-46A7934FCF95}
		{BB76F43E-9BC7-4CA2-A509-769EA29495DA} = {DD21414A-074C-4F36-BECA-E0C5CD9F61B6}
		{CCF6D17C-694D-420F-B2BB-9CFF6087D8D1} = {DD21414A-074C-4F36-BECA-E0C5CD9F61B6}
		{2B8D6FFF-9139-47DC-8E71-B39800147065} = {DD21414A-074C-4F36-BECA-E0C5CD9F61B6}
		{62B7EE04-0C97-4F16-B0B5-BB8950E0C189} = {B1CB0AC6-449E-4C1B-B58D-79AF652D7C01}
		{D5DAC054-719B-45C5-BC18-1D8A04790D0C} = {B1CB0AC6-449E-4C1B-B58D-79AF652D7C01}
		{11B7A64E-E7D7-4CF1-B560-34268B6AE2D9} = {B1CB0AC6-449E-4C1B-B58D-79AF652D7C01}
	EndGlobalSection
	GlobalSection(ExtensibilityGlobals) = postSolution
		SolutionGuid = {8E2CEB91-A08F-4C76-9FFF-3B047864C7A9}
	EndGlobalSection
EndGlobal
